github.com/aarondl/chrono v0.0.0-20220619041552-b7e20a5d82b7 h1:SnCBUBfsyckg4ysZ+TlSoyVJvRAcRqf5TcHFkSNlgME=
github.com/aarondl/chrono v0.0.0-20220619041552-b7e20a5d82b7/go.mod h1:VmrhCQy/ZWiHiVGLtY7WcMVQbIF+AqpD+Hn6HjWhME8=
github.com/aarondl/opt v0.0.0-20220611032941-846a5a057d8c h1:2Gqf5w8k30czPgvm78I6ifVBDxqlwmwbc9hjzbWWKA8=
github.com/aarondl/opt v0.0.0-20220611032941-846a5a057d8c/go.mod h1:SVWo7tdg6gXZt1ylP4RgzL78B+Jp5bZlhpu40Kp8YXk=
